// !$*UTF8*$!
{
	archiveVersion = 1;
	classes = {
	};
	objectVersion = 50;
	objects = {

/* Begin PBXBuildFile section */
		B1137E6F2281423100C0168E /* AppDelegate.swift in Sources */ = {isa = PBXBuildFile; fileRef = B1137E6E2281423100C0168E /* AppDelegate.swift */; };
		B1137E712281423100C0168E /* ViewController.swift in Sources */ = {isa = PBXBuildFile; fileRef = B1137E702281423100C0168E /* ViewController.swift */; };
		B1137E742281423100C0168E /* Main.storyboard in Resources */ = {isa = PBXBuildFile; fileRef = B1137E722281423100C0168E /* Main.storyboard */; };
		B1137E762281423200C0168E /* Assets.xcassets in Resources */ = {isa = PBXBuildFile; fileRef = B1137E752281423200C0168E /* Assets.xcassets */; };
		B1137E792281423200C0168E /* LaunchScreen.storyboard in Resources */ = {isa = PBXBuildFile; fileRef = B1137E772281423200C0168E /* LaunchScreen.storyboard */; };
		B1137E842281423200C0168E /* GoingProtoTests.swift in Sources */ = {isa = PBXBuildFile; fileRef = B1137E832281423200C0168E /* GoingProtoTests.swift */; };
		B1137E8F2281425D00C0168E /* DetailsViewController.swift in Sources */ = {isa = PBXBuildFile; fileRef = B1137E8E2281425D00C0168E /* DetailsViewController.swift */; };
		B1137E912281447500C0168E /* UsersTableViewController.swift in Sources */ = {isa = PBXBuildFile; fileRef = B1137E902281447500C0168E /* UsersTableViewController.swift */; };
		B1137E932281448B00C0168E /* JPUser.swift in Sources */ = {isa = PBXBuildFile; fileRef = B1137E922281448B00C0168E /* JPUser.swift */; };
		B1137E95228144FC00C0168E /* UserCell.swift in Sources */ = {isa = PBXBuildFile; fileRef = B1137E94228144FC00C0168E /* UserCell.swift */; };
		B1137E9722814B3D00C0168E /* NetworkingService.swift in Sources */ = {isa = PBXBuildFile; fileRef = B1137E9622814B3D00C0168E /* NetworkingService.swift */; };
		B1137E9922816AB700C0168E /* UserProtocol.swift in Sources */ = {isa = PBXBuildFile; fileRef = B1137E9822816AB700C0168E /* UserProtocol.swift */; };
/* End PBXBuildFile section */

/* Begin PBXContainerItemProxy section */
		B1137E802281423200C0168E /* PBXContainerItemProxy */ = {
			isa = PBXContainerItemProxy;
			containerPortal = B1137E632281423100C0168E /* Project object */;
			proxyType = 1;
			remoteGlobalIDString = B1137E6A2281423100C0168E;
			remoteInfo = GoingProto;
		};
/* End PBXContainerItemProxy section */

/* Begin PBXFileReference section */
		B1137E6B2281423100C0168E /* GoingProto.app */ = {isa = PBXFileReference; explicitFileType = wrapper.application; includeInIndex = 0; path = GoingProto.app; sourceTree = BUILT_PRODUCTS_DIR; };
		B1137E6E2281423100C0168E /* AppDelegate.swift */ = {isa = PBXFileReference; lastKnownFileType = sourcecode.swift; path = AppDelegate.swift; sourceTree = "<group>"; };
		B1137E702281423100C0168E /* ViewController.swift */ = {isa = PBXFileReference; lastKnownFileType = sourcecode.swift; path = ViewController.swift; sourceTree = "<group>"; };
		B1137E732281423100C0168E /* Base */ = {isa = PBXFileReference; lastKnownFileType = file.storyboard; name = Base; path = Base.lproj/Main.storyboard; sourceTree = "<group>"; };
		B1137E752281423200C0168E /* Assets.xcassets */ = {isa = PBXFileReference; lastKnownFileType = folder.assetcatalog; path = Assets.xcassets; sourceTree = "<group>"; };
		B1137E782281423200C0168E /* Base */ = {isa = PBXFileReference; lastKnownFileType = file.storyboard; name = Base; path = Base.lproj/LaunchScreen.storyboard; sourceTree = "<group>"; };
		B1137E7A2281423200C0168E /* Info.plist */ = {isa = PBXFileReference; lastKnownFileType = text.plist.xml; path = Info.plist; sourceTree = "<group>"; };
		B1137E7F2281423200C0168E /* GoingProtoTests.xctest */ = {isa = PBXFileReference; explicitFileType = wrapper.cfbundle; includeInIndex = 0; path = GoingProtoTests.xctest; sourceTree = BUILT_PRODUCTS_DIR; };
		B1137E832281423200C0168E /* GoingProtoTests.swift */ = {isa = PBXFileReference; lastKnownFileType = sourcecode.swift; path = GoingProtoTests.swift; sourceTree = "<group>"; };
		B1137E852281423200C0168E /* Info.plist */ = {isa = PBXFileReference; lastKnownFileType = text.plist.xml; path = Info.plist; sourceTree = "<group>"; };
		B1137E8E2281425D00C0168E /* DetailsViewController.swift */ = {isa = PBXFileReference; lastKnownFileType = sourcecode.swift; path = DetailsViewController.swift; sourceTree = "<group>"; };
		B1137E902281447500C0168E /* UsersTableViewController.swift */ = {isa = PBXFileReference; lastKnownFileType = sourcecode.swift; path = UsersTableViewController.swift; sourceTree = "<group>"; };
		B1137E922281448B00C0168E /* JPUser.swift */ = {isa = PBXFileReference; lastKnownFileType = sourcecode.swift; path = JPUser.swift; sourceTree = "<group>"; };
		B1137E94228144FC00C0168E /* UserCell.swift */ = {isa = PBXFileReference; lastKnownFileType = sourcecode.swift; path = UserCell.swift; sourceTree = "<group>"; };
		B1137E9622814B3D00C0168E /* NetworkingService.swift */ = {isa = PBXFileReference; lastKnownFileType = sourcecode.swift; path = NetworkingService.swift; sourceTree = "<group>"; };
		B1137E9822816AB700C0168E /* UserProtocol.swift */ = {isa = PBXFileReference; lastKnownFileType = sourcecode.swift; path = UserProtocol.swift; sourceTree = "<group>"; };
/* End PBXFileReference section */

/* Begin PBXFrameworksBuildPhase section */
		B1137E682281423100C0168E /* Frameworks */ = {
			isa = PBXFrameworksBuildPhase;
			buildActionMask = 2147483647;
			files = (
			);
			runOnlyForDeploymentPostprocessing = 0;
		};
		B1137E7C2281423200C0168E /* Frameworks */ = {
			isa = PBXFrameworksBuildPhase;
			buildActionMask = 2147483647;
			files = (
			);
			runOnlyForDeploymentPostprocessing = 0;
		};
/* End PBXFrameworksBuildPhase section */

/* Begin PBXGroup section */
		B1137E622281423100C0168E = {
			isa = PBXGroup;
			children = (
				B1137E6D2281423100C0168E /* GoingProto */,
				B1137E822281423200C0168E /* GoingProtoTests */,
				B1137E6C2281423100C0168E /* Products */,
			);
			sourceTree = "<group>";
		};
		B1137E6C2281423100C0168E /* Products */ = {
			isa = PBXGroup;
			children = (
				B1137E6B2281423100C0168E /* GoingProto.app */,
				B1137E7F2281423200C0168E /* GoingProtoTests.xctest */,
			);
			name = Products;
			sourceTree = "<group>";
		};
		B1137E6D2281423100C0168E /* GoingProto */ = {
			isa = PBXGroup;
			children = (
				B1137E6E2281423100C0168E /* AppDelegate.swift */,
				B1137E702281423100C0168E /* ViewController.swift */,
				B1137E722281423100C0168E /* Main.storyboard */,
				B1137E752281423200C0168E /* Assets.xcassets */,
				B1137E772281423200C0168E /* LaunchScreen.storyboard */,
				B1137E7A2281423200C0168E /* Info.plist */,
				B1137E8E2281425D00C0168E /* DetailsViewController.swift */,
				B1137E902281447500C0168E /* UsersTableViewController.swift */,
				B1137E922281448B00C0168E /* JPUser.swift */,
				B1137E94228144FC00C0168E /* UserCell.swift */,
				B1137E9622814B3D00C0168E /* NetworkingService.swift */,
				B1137E9822816AB700C0168E /* UserProtocol.swift */,
			);
			path = GoingProto;
			sourceTree = "<group>";
		};
		B1137E822281423200C0168E /* GoingProtoTests */ = {
			isa = PBXGroup;
			children = (
				B1137E832281423200C0168E /* GoingProtoTests.swift */,
				B1137E852281423200C0168E /* Info.plist */,
			);
			path = GoingProtoTests;
			sourceTree = "<group>";
		};
/* End PBXGroup section */

/* Begin PBXNativeTarget section */
		B1137E6A2281423100C0168E /* GoingProto */ = {
			isa = PBXNativeTarget;
			buildConfigurationList = B1137E882281423200C0168E /* Build configuration list for PBXNativeTarget "GoingProto" */;
			buildPhases = (
				B1137E672281423100C0168E /* Sources */,
				B1137E682281423100C0168E /* Frameworks */,
				B1137E692281423100C0168E /* Resources */,
			);
			buildRules = (
			);
			dependencies = (
			);
			name = GoingProto;
			productName = GoingProto;
			productReference = B1137E6B2281423100C0168E /* GoingProto.app */;
			productType = "com.apple.product-type.application";
		};
		B1137E7E2281423200C0168E /* GoingProtoTests */ = {
			isa = PBXNativeTarget;
			buildConfigurationList = B1137E8B2281423200C0168E /* Build configuration list for PBXNativeTarget "GoingProtoTests" */;
			buildPhases = (
				B1137E7B2281423200C0168E /* Sources */,
				B1137E7C2281423200C0168E /* Frameworks */,
				B1137E7D2281423200C0168E /* Resources */,
			);
			buildRules = (
			);
			dependencies = (
				B1137E812281423200C0168E /* PBXTargetDependency */,
			);
			name = GoingProtoTests;
			productName = GoingProtoTests;
			productReference = B1137E7F2281423200C0168E /* GoingProtoTests.xctest */;
			productType = "com.apple.product-type.bundle.unit-test";
		};
/* End PBXNativeTarget section */

/* Begin PBXProject section */
		B1137E632281423100C0168E /* Project object */ = {
			isa = PBXProject;
			attributes = {
				LastSwiftUpdateCheck = 1020;
				LastUpgradeCheck = 1020;
				ORGANIZATIONNAME = VictorLee;
				TargetAttributes = {
					B1137E6A2281423100C0168E = {
						CreatedOnToolsVersion = 10.2.1;
					};
					B1137E7E2281423200C0168E = {
						CreatedOnToolsVersion = 10.2.1;
						TestTargetID = B1137E6A2281423100C0168E;
					};
				};
			};
			buildConfigurationList = B1137E662281423100C0168E /* Build configuration list for PBXProject "GoingProto" */;
			compatibilityVersion = "Xcode 9.3";
			developmentRegion = en;
			hasScannedForEncodings = 0;
			knownRegions = (
				en,
				Base,
			);
			mainGroup = B1137E622281423100C0168E;
			productRefGroup = B1137E6C2281423100C0168E /* Products */;
			projectDirPath = "";
			projectRoot = "";
			targets = (
				B1137E6A2281423100C0168E /* GoingProto */,
				B1137E7E2281423200C0168E /* GoingProtoTests */,
			);
		};
/* End PBXProject section */

/* Begin PBXResourcesBuildPhase section */
		B1137E692281423100C0168E /* Resources */ = {
			isa = PBXResourcesBuildPhase;
			buildActionMask = 2147483647;
			files = (
				B1137E792281423200C0168E /* LaunchScreen.storyboard in Resources */,
				B1137E762281423200C0168E /* Assets.xcassets in Resources */,
				B1137E742281423100C0168E /* Main.storyboard in Resources */,
			);
			runOnlyForDeploymentPostprocessing = 0;
		};
		B1137E7D2281423200C0168E /* Resources */ = {
			isa = PBXResourcesBuildPhase;
			buildActionMask = 2147483647;
			files = (
			);
			runOnlyForDeploymentPostprocessing = 0;
		};
/* End PBXResourcesBuildPhase section */

/* Begin PBXSourcesBuildPhase section */
		B1137E672281423100C0168E /* Sources */ = {
			isa = PBXSourcesBuildPhase;
			buildActionMask = 2147483647;
			files = (
				B1137E712281423100C0168E /* ViewController.swift in Sources */,
				B1137E8F2281425D00C0168E /* DetailsViewController.swift in Sources */,
				B1137E95228144FC00C0168E /* UserCell.swift in Sources */,
				B1137E932281448B00C0168E /* JPUser.swift in Sources */,
				B1137E912281447500C0168E /* UsersTableViewController.swift in Sources */,
				B1137E9722814B3D00C0168E /* NetworkingService.swift in Sources */,
				B1137E9922816AB700C0168E /* UserProtocol.swift in Sources */,
				B1137E6F2281423100C0168E /* AppDelegate.swift in Sources */,
			);
			runOnlyForDeploymentPostprocessing = 0;
		};
		B1137E7B2281423200C0168E /* Sources */ = {
			isa = PBXSourcesBuildPhase;
			buildActionMask = 2147483647;
			files = (
				B1137E842281423200C0168E /* GoingProtoTests.swift in Sources */,
			);
			runOnlyForDeploymentPostprocessing = 0;
		};
/* End PBXSourcesBuildPhase section */

/* Begin PBXTargetDependency section */
		B1137E812281423200C0168E /* PBXTargetDependency */ = {
			isa = PBXTargetDependency;
			target = B1137E6A2281423100C0168E /* GoingProto */;
			targetProxy = B1137E802281423200C0168E /* PBXContainerItemProxy */;
		};
/* End PBXTargetDependency section */

/* Begin PBXVariantGroup section */
		B1137E722281423100C0168E /* Main.storyboard */ = {
			isa = PBXVariantGroup;
			children = (
				B1137E732281423100C0168E /* Base */,
			);
			name = Main.storyboard;
			sourceTree = "<group>";
		};
		B1137E772281423200C0168E /* LaunchScreen.storyboard */ = {
			isa = PBXVariantGroup;
			children = (
				B1137E782281423200C0168E /* Base */,
			);
			name = LaunchScreen.storyboard;
			sourceTree = "<group>";
		};
/* End PBXVariantGroup section */

/* Begin XCBuildConfiguration section */
		B1137E862281423200C0168E /* Debug */ = {
			isa = XCBuildConfiguration;
			buildSettings = {
				ALWAYS_SEARCH_USER_PATHS = NO;
				CLANG_ANALYZER_NONNULL = YES;
				CLANG_ANALYZER_NUMBER_OBJECT_CONVERSION = YES_AGGRESSIVE;
				CLANG_CXX_LANGUAGE_STANDARD = "gnu++14";
				CLANG_CXX_LIBRARY = "libc++";
				CLANG_ENABLE_MODULES = YES;
				CLANG_ENABLE_OBJC_ARC = YES;
				CLANG_ENABLE_OBJC_WEAK = YES;
				CLANG_WARN_BLOCK_CAPTURE_AUTORELEASING = YES;
				CLANG_WARN_BOOL_CONVERSION = YES;
				CLANG_WARN_COMMA = YES;
				CLANG_WARN_CONSTANT_CONVERSION = YES;
				CLANG_WARN_DEPRECATED_OBJC_IMPLEMENTATIONS = YES;
				CLANG_WARN_DIRECT_OBJC_ISA_USAGE = YES_ERROR;
				CLANG_WARN_DOCUMENTATION_COMMENTS = YES;
				CLANG_WARN_EMPTY_BODY = YES;
				CLANG_WARN_ENUM_CONVERSION = YES;
				CLANG_WARN_INFINITE_RECURSION = YES;
				CLANG_WARN_INT_CONVERSION = YES;
				CLANG_WARN_NON_LITERAL_NULL_CONVERSION = YES;
				CLANG_WARN_OBJC_IMPLICIT_RETAIN_SELF = YES;
				CLANG_WARN_OBJC_LITERAL_CONVERSION = YES;
				CLANG_WARN_OBJC_ROOT_CLASS = YES_ERROR;
				CLANG_WARN_RANGE_LOOP_ANALYSIS = YES;
				CLANG_WARN_STRICT_PROTOTYPES = YES;
				CLANG_WARN_SUSPICIOUS_MOVE = YES;
				CLANG_WARN_UNGUARDED_AVAILABILITY = YES_AGGRESSIVE;
				CLANG_WARN_UNREACHABLE_CODE = YES;
				CLANG_WARN__DUPLICATE_METHOD_MATCH = YES;
				CODE_SIGN_IDENTITY = "iPhone Developer";
				COPY_PHASE_STRIP = NO;
				DEBUG_INFORMATION_FORMAT = dwarf;
				ENABLE_STRICT_OBJC_MSGSEND = YES;
				ENABLE_TESTABILITY = YES;
				GCC_C_LANGUAGE_STANDARD = gnu11;
				GCC_DYNAMIC_NO_PIC = NO;
				GCC_NO_COMMON_BLOCKS = YES;
				GCC_OPTIMIZATION_LEVEL = 0;
				GCC_PREPROCESSOR_DEFINITIONS = (
					"DEBUG=1",
					"$(inherited)",
				);
				GCC_WARN_64_TO_32_BIT_CONVERSION = YES;
				GCC_WARN_ABOUT_RETURN_TYPE = YES_ERROR;
				GCC_WARN_UNDECLARED_SELECTOR = YES;
				GCC_WARN_UNINITIALIZED_AUTOS = YES_AGGRESSIVE;
				GCC_WARN_UNUSED_FUNCTION = YES;
				GCC_WARN_UNUSED_VARIABLE = YES;
				IPHONEOS_DEPLOYMENT_TARGET = 12.2;
				MTL_ENABLE_DEBUG_INFO = INCLUDE_SOURCE;
				MTL_FAST_MATH = YES;
				ONLY_ACTIVE_ARCH = YES;
				SDKROOT = iphoneos;
				SWIFT_ACTIVE_COMPILATION_CONDITIONS = DEBUG;
				SWIFT_OPTIMIZATION_LEVEL = "-Onone";
			};
			name = Debug;
		};
		B1137E872281423200C0168E /* Release */ = {
			isa = XCBuildConfiguration;
			buildSettings = {
				ALWAYS_SEARCH_USER_PATHS = NO;
				CLANG_ANALYZER_NONNULL = YES;
				CLANG_ANALYZER_NUMBER_OBJECT_CONVERSION = YES_AGGRESSIVE;
				CLANG_CXX_LANGUAGE_STANDARD = "gnu++14";
				CLANG_CXX_LIBRARY = "libc++";
				CLANG_ENABLE_MODULES = YES;
				CLANG_ENABLE_OBJC_ARC = YES;
				CLANG_ENABLE_OBJC_WEAK = YES;
				CLANG_WARN_BLOCK_CAPTURE_AUTORELEASING = YES;
				CLANG_WARN_BOOL_CONVERSION = YES;
				CLANG_WARN_COMMA = YES;
				CLANG_WARN_CONSTANT_CONVERSION = YES;
				CLANG_WARN_DEPRECATED_OBJC_IMPLEMENTATIONS = YES;
				CLANG_WARN_DIRECT_OBJC_ISA_USAGE = YES_ERROR;
				CLANG_WARN_DOCUMENTATION_COMMENTS = YES;
				CLANG_WARN_EMPTY_BODY = YES;
				CLANG_WARN_ENUM_CONVERSION = YES;
				CLANG_WARN_INFINITE_RECURSION = YES;
				CLANG_WARN_INT_CONVERSION = YES;
				CLANG_WARN_NON_LITERAL_NULL_CONVERSION = YES;
				CLANG_WARN_OBJC_IMPLICIT_RETAIN_SELF = YES;
				CLANG_WARN_OBJC_LITERAL_CONVERSION = YES;
				CLANG_WARN_OBJC_ROOT_CLASS = YES_ERROR;
				CLANG_WARN_RANGE_LOOP_ANALYSIS = YES;
				CLANG_WARN_STRICT_PROTOTYPES = YES;
				CLANG_WARN_SUSPICIOUS_MOVE = YES;
				CLANG_WARN_UNGUARDED_AVAILABILITY = YES_AGGRESSIVE;
				CLANG_WARN_UNREACHABLE_CODE = YES;
				CLANG_WARN__DUPLICATE_METHOD_MATCH = YES;
				CODE_SIGN_IDENTITY = "iPhone Developer";
				COPY_PHASE_STRIP = NO;
				DEBUG_INFORMATION_FORMAT = "dwarf-with-dsym";
				ENABLE_NS_ASSERTIONS = NO;
				ENABLE_STRICT_OBJC_MSGSEND = YES;
				GCC_C_LANGUAGE_STANDARD = gnu11;
				GCC_NO_COMMON_BLOCKS = YES;
				GCC_WARN_64_TO_32_BIT_CONVERSION = YES;
				GCC_WARN_ABOUT_RETURN_TYPE = YES_ERROR;
				GCC_WARN_UNDECLARED_SELECTOR = YES;
				GCC_WARN_UNINITIALIZED_AUTOS = YES_AGGRESSIVE;
				GCC_WARN_UNUSED_FUNCTION = YES;
				GCC_WARN_UNUSED_VARIABLE = YES;
				IPHONEOS_DEPLOYMENT_TARGET = 12.2;
				MTL_ENABLE_DEBUG_INFO = NO;
				MTL_FAST_MATH = YES;
				SDKROOT = iphoneos;
				SWIFT_COMPILATION_MODE = wholemodule;
				SWIFT_OPTIMIZATION_LEVEL = "-O";
				VALIDATE_PRODUCT = YES;
			};
			name = Release;
		};
		B1137E892281423200C0168E /* Debug */ = {
			isa = XCBuildConfiguration;
			buildSettings = {
				ASSETCATALOG_COMPILER_APPICON_NAME = AppIcon;
				CODE_SIGN_STYLE = Automatic;
				DEVELOPMENT_TEAM = E26925RH2T;
				INFOPLIST_FILE = GoingProto/Info.plist;
				LD_RUNPATH_SEARCH_PATHS = (
					"$(inherited)",
					"@executable_path/Frameworks",
				);
				PRODUCT_BUNDLE_IDENTIFIER = com.VictorLee.GoingProto;
				PRODUCT_NAME = "$(TARGET_NAME)";
				SWIFT_VERSION = 5.0;
				TARGETED_DEVICE_FAMILY = "1,2";
			};
			name = Debug;
		};
		B1137E8A2281423200C0168E /* Release */ = {
			isa = XCBuildConfiguration;
			buildSettings = {
				ASSETCATALOG_COMPILER_APPICON_NAME = AppIcon;
				CODE_SIGN_STYLE = Automatic;
				DEVELOPMENT_TEAM = E26925RH2T;
				INFOPLIST_FILE = GoingProto/Info.plist;
				LD_RUNPATH_SEARCH_PATHS = (
					"$(inherited)",
					"@executable_path/Frameworks",
				);
				PRODUCT_BUNDLE_IDENTIFIER = com.VictorLee.GoingProto;
				PRODUCT_NAME = "$(TARGET_NAME)";
				SWIFT_VERSION = 5.0;
				TARGETED_DEVICE_FAMILY = "1,2";
			};
			name = Release;
		};
		B1137E8C2281423200C0168E /* Debug */ = {
			isa = XCBuildConfiguration;
			buildSettings = {
				ALWAYS_EMBED_SWIFT_STANDARD_LIBRARIES = YES;
				BUNDLE_LOADER = "$(TEST_HOST)";
				CODE_SIGN_STYLE = Automatic;
				DEVELOPMENT_TEAM = E26925RH2T;
				INFOPLIST_FILE = GoingProtoTests/Info.plist;
				LD_RUNPATH_SEARCH_PATHS = (
					"$(inherited)",
					"@executable_path/Frameworks",
					"@loader_path/Frameworks",
				);
				PRODUCT_BUNDLE_IDENTIFIER = com.VictorLee.GoingProtoTests;
				PRODUCT_NAME = "$(TARGET_NAME)";
				SWIFT_VERSION = 5.0;
				TARGETED_DEVICE_FAMILY = "1,2";
				TEST_HOST = "$(BUILT_PRODUCTS_DIR)/GoingProto.app/GoingProto";
			};
			name = Debug;
		};
		B1137E8D2281423200C0168E /* Release */ = {
			isa = XCBuildConfiguration;
			buildSettings = {
				ALWAYS_EMBED_SWIFT_STANDARD_LIBRARIES = YES;
				BUNDLE_LOADER = "$(TEST_HOST)";
				CODE_SIGN_STYLE = Automatic;
				DEVELOPMENT_TEAM = E26925RH2T;
				INFOPLIST_FILE = GoingProtoTests/Info.plist;
				LD_RUNPATH_SEARCH_PATHS = (
					"$(inherited)",
					"@executable_path/Frameworks",
					"@loader_path/Frameworks",
				);
				PRODUCT_BUNDLE_IDENTIFIER = com.VictorLee.GoingProtoTests;
				PRODUCT_NAME = "$(TARGET_NAME)";
				SWIFT_VERSION = 5.0;
				TARGETED_DEVICE_FAMILY = "1,2";
				TEST_HOST = "$(BUILT_PRODUCTS_DIR)/GoingProto.app/GoingProto";
			};
			name = Release;
		};
/* End XCBuildConfiguration section */

/* Begin XCConfigurationList section */
		B1137E662281423100C0168E /* Build configuration list for PBXProject "GoingProto" */ = {
			isa = XCConfigurationList;
			buildConfigurations = (
				B1137E862281423200C0168E /* Debug */,
				B1137E872281423200C0168E /* Release */,
			);
			defaultConfigurationIsVisible = 0;
			defaultConfigurationName = Release;
		};
		B1137E882281423200C0168E /* Build configuration list for PBXNativeTarget "GoingProto" */ = {
			isa = XCConfigurationList;
			buildConfigurations = (
				B1137E892281423200C0168E /* Debug */,
				B1137E8A2281423200C0168E /* Release */,
			);
			defaultConfigurationIsVisible = 0;
			defaultConfigurationName = Release;
		};
		B1137E8B2281423200C0168E /* Build configuration list for PBXNativeTarget "GoingProtoTests" */ = {
			isa = XCConfigurationList;
			buildConfigurations = (
				B1137E8C2281423200C0168E /* Debug */,
				B1137E8D2281423200C0168E /* Release */,
			);
			defaultConfigurationIsVisible = 0;
			defaultConfigurationName = Release;
		};
/* End XCConfigurationList section */
	};
	rootObject = B1137E632281423100C0168E /* Project object */;
}
